PackratFormat: 1.4
PackratVersion: 0.4.7.1
RVersion: 3.3.0
Repos: BioCsoft=https://bioconductor.org/packages/3.3/bioc,
    BioCann=https://bioconductor.org/packages/3.3/data/annotation,
    BioCexp=https://bioconductor.org/packages/3.3/data/experiment,
    BioCextra=https://bioconductor.org/packages/3.3/extra,
    CRAN=https://cran.rstudio.com/

Package: BH
Source: CRAN
Version: 1.60.0-2
Hash: be2967bcff307e561d9ba17faf03205c

Package: DBI
Source: CRAN
Version: 0.4-1
Hash: 6524d5c5d30ff74084ac028eeb19eb1b

Package: R6
Source: CRAN
Version: 2.1.2
Hash: c515e41c73294952cbb33ee1c1be5a2d

Package: Rcpp
Source: CRAN
Version: 0.12.5
Hash: 625a95cb4ef523a77ad02e140b715db6

Package: assertthat
Source: CRAN
Version: 0.1
Hash: 0afb92b59b02593c70ff8046700ba9d3

Package: base64enc
Source: CRAN
Version: 0.1-3
Hash: c590d29e555926af053055e23ee79efb

Package: bitops
Source: CRAN
Version: 1.0-6
Hash: 67d0775189fd0041d95abca618c5c07e

Package: brew
Source: CRAN
Version: 1.0-6
Hash: 931f9972deae0f205e1c78a51f33149b

Package: caTools
Source: CRAN
Version: 1.17.1
Hash: 97cb6f6293cd18d17df77a6383cc6763
Requires: bitops

Package: crayon
Source: CRAN
Version: 1.3.1
Hash: b61d34886cf0f4b4fc4e4f52ea249390
Requires: memoise

Package: curl
Source: CRAN
Version: 0.9.7
Hash: 8a3eaed84ed6a9a188efdeddb231c5de

Package: devtools
Source: CRAN
Version: 1.11.1
Hash: 4c6aa014d917044bf376a363c3c8ee1a
Requires: digest, git2r, httr, jsonlite, memoise, rstudioapi, whisker,
    withr

Package: digest
Source: CRAN
Version: 0.6.9
Hash: fd55d5a024f160fc001a5ece1e27782d

Package: dplyr
Source: CRAN
Version: 0.4.3
Hash: e6d3a09516f2018080e4737423aadfa6
Requires: BH, DBI, R6, Rcpp, assertthat, lazyeval, magrittr

Package: evaluate
Source: CRAN
Version: 0.9
Hash: cf338d73ba4ee3a4fefec612cdfd38db
Requires: stringr

Package: formatR
Source: CRAN
Version: 1.4
Hash: b2a47a2b91737978cf50ba95825a9cd1

Package: git2r
Source: CRAN
Version: 0.15.0
Hash: 92d5a9f3cba5e146b92a76dabbc29fbb

Package: highr
Source: CRAN
Version: 0.6
Hash: aa3d5b7912b5fed4b546ed5cd2a1760b

Package: htmltools
Source: CRAN
Version: 0.3.5
Hash: 645c10ce7e6c8dbbedb358a829c41848
Requires: Rcpp, digest

Package: httr
Source: CRAN
Version: 1.2.0
Hash: cd5c30acde81117f6b9da436dffeaedf
Requires: R6, curl, jsonlite, mime, openssl

Package: jsonlite
Source: CRAN
Version: 0.9.21
Hash: 4715435f79ce983ec7e041f6be4742f4

Package: knitr
Source: CRAN
Version: 1.13
Hash: 8d686cbee88c93b735281a22b2ca59dd
Requires: digest, evaluate, formatR, highr, markdown, stringr, yaml

Package: lazyeval
Source: CRAN
Version: 0.2.0
Hash: 3d6e7608e65bbf5cb170dab1e3c9ed8b

Package: magrittr
Source: CRAN
Version: 1.5
Hash: bdc4d48c3135e8f3b399536ddf160df4

Package: markdown
Source: CRAN
Version: 0.7.7
Hash: fea2343a1119d61b0cc5c0a950d103a3
Requires: mime

Package: memoise
Source: CRAN
Version: 1.0.0
Hash: 56e7087c3559eb7ba72a9afb349bf896
Requires: digest

Package: mime
Source: CRAN
Version: 0.4
Hash: b08c52dae92a0a11e64a4deea032ec33

Package: openssl
Source: CRAN
Version: 0.9.4
Hash: 5ceb5d83bba44e8e5a764ac6ad32e9fb

Package: packrat
Source: CRAN
Version: 0.4.7-1
Hash: 16ca16d36eb18d1d16113606ecc5c400

Package: praise
Source: CRAN
Version: 1.0.0
Hash: 77da8f1df873a4b91e5c4a68fe2fb1b6

Package: readr
Source: CRAN
Version: 0.2.2
Hash: 26f8572dee39ace757753fa5c4286569
Requires: BH, Rcpp, curl

Package: rmarkdown
Source: github
Version: 0.9.6.11
Hash: d4303ebc632ca6787617abf1f4834443
Requires: base64enc, caTools, evaluate, htmltools, jsonlite, knitr,
    yaml
GithubRepo: rmarkdown
GithubUsername: rstudio
GithubRef: master
GithubSha1: e95b20a8c39ab3669b9bd21cc5995c2c15bb993a

Package: roxygen2
Source: CRAN
Version: 5.0.1
Hash: 5cf42c9a288a1cc760166097f8e42a92
Requires: Rcpp, brew, digest, stringi, stringr

Package: rstudioapi
Source: CRAN
Version: 0.5
Hash: f942db72a8f51e968b061f28058e2c57

Package: stringi
Source: CRAN
Version: 1.1.1
Hash: 48f2afc5dfecb65ba32a87d38b3533ff

Package: stringr
Source: CRAN
Version: 1.0.0
Hash: 2676dd5f88890910962b733b0f9540e1
Requires: magrittr, stringi

Package: testthat
Source: CRAN
Version: 1.0.2
Hash: 88d5291104227f9dc2e7c7c1d0eb6c74
Requires: R6, crayon, digest, magrittr, praise

Package: tibble
Source: CRAN
Version: 1.0
Hash: 135bebe37e899e9ebabcfdf74cb86ade
Requires: Rcpp, assertthat, lazyeval

Package: tidyr
Source: CRAN
Version: 0.4.1
Hash: fe98a1eef674a18a46d5c8a819ef0c20
Requires: Rcpp, lazyeval, magrittr, stringi, tibble, dplyr

Package: whisker
Source: CRAN
Version: 0.3-2
Hash: 803d662762e532705c2c066a82d066e7

Package: withr
Source: CRAN
Version: 1.0.1
Hash: e3d37838719e5d66652364e2aefebcee

Package: yaml
Source: CRAN
Version: 2.1.13
Hash: 4854ccabebc225e8a7309fb4a74980de
